
Microsoft Visual Studio Solution File, Format Version 12.00
# Visual Studio Version 17
VisualStudioVersion = 17.3.32819.101
MinimumVisualStudioVersion = 10.0.40219.1
Project("{888888A0-9F3D-457C-B088-3A5042F75D52}") = "random uppg-6 (tärningar)", "random uppg-6 (tärningar)\random uppg-6 (tärningar).pyproj", "{CFB2205D-23B8-4BAF-8759-1D4D6EFD60CE}"
EndProject
Global
	GlobalSection(SolutionConfigurationPlatforms) = preSolution
		Debug|Any CPU = Debug|Any CPU
		Release|Any CPU = Release|Any CPU
	EndGlobalSection
	GlobalSection(ProjectConfigurationPlatforms) = postSolution
		{CFB2205D-23B8-4BAF-8759-1D4D6EFD60CE}.Debug|Any CPU.ActiveCfg = Debug|Any CPU
		{CFB2205D-23B8-4BAF-8759-1D4D6EFD60CE}.Release|Any CPU.ActiveCfg = Release|Any CPU
	EndGlobalSection
	GlobalSection(SolutionProperties) = preSolution
		HideSolutionNode = FALSE
	EndGlobalSection
	GlobalSection(ExtensibilityGlobals) = postSolution
		SolutionGuid = {E6FA7F24-A44C-4436-B01A-34BB6B32A1A7}
	EndGlobalSection
EndGlobal
